
Microsoft Visual Studio Solution File, Format Version 12.00
# Visual Studio Version 17
VisualStudioVersion = 17.3.32811.315
MinimumVisualStudioVersion = 10.0.40219.1
Project("{FAE04EC0-301F-11D3-BF4B-00C04F79EFBC}") = "OlympDB", "OlympDB\OlympDB.csproj", "{E066D090-CC0E-44C7-A674-B94117410331}"
EndProject
Global
	GlobalSection(SolutionConfigurationPlatforms) = preSolution
		Debug|Any CPU = Debug|Any CPU
		Release|Any CPU = Release|Any CPU
	EndGlobalSection
	GlobalSection(ProjectConfigurationPlatforms) = postSolution
		{E066D090-CC0E-44C7-A674-B94117410331}.Debug|Any CPU.ActiveCfg = Debug|Any CPU
		{E066D090-CC0E-44C7-A674-B94117410331}.Debug|Any CPU.Build.0 = Debug|Any CPU
		{E066D090-CC0E-44C7-A674-B94117410331}.Release|Any CPU.ActiveCfg = Release|Any CPU
		{E066D090-CC0E-44C7-A674-B94117410331}.Release|Any CPU.Build.0 = Release|Any CPU
	EndGlobalSection
	GlobalSection(SolutionProperties) = preSolution
		HideSolutionNode = FALSE
	EndGlobalSection
	GlobalSection(ExtensibilityGlobals) = postSolution
		SolutionGuid = {0AA60621-F4A5-4CA2-B8D0-22A9CE068A86}
	EndGlobalSection
EndGlobal
